
Microsoft Visual Studio Solution File, Format Version 12.00
# Visual Studio Version 17
VisualStudioVersion = 17.8.34330.188
MinimumVisualStudioVersion = 10.0.40219.1
Project("{FAE04EC0-301F-11D3-BF4B-00C04F79EFBC}") = "projeto4", "projeto4\projeto4.csproj", "{2FDD1FE1-E71A-4078-BC5F-E02C19A40442}"
EndProject
Global
	GlobalSection(SolutionConfigurationPlatforms) = preSolution
		Debug|Any CPU = Debug|Any CPU
		Release|Any CPU = Release|Any CPU
	EndGlobalSection
	GlobalSection(ProjectConfigurationPlatforms) = postSolution
		{2FDD1FE1-E71A-4078-BC5F-E02C19A40442}.Debug|Any CPU.ActiveCfg = Debug|Any CPU
		{2FDD1FE1-E71A-4078-BC5F-E02C19A40442}.Debug|Any CPU.Build.0 = Debug|Any CPU
		{2FDD1FE1-E71A-4078-BC5F-E02C19A40442}.Release|Any CPU.ActiveCfg = Release|Any CPU
		{2FDD1FE1-E71A-4078-BC5F-E02C19A40442}.Release|Any CPU.Build.0 = Release|Any CPU
	EndGlobalSection
	GlobalSection(SolutionProperties) = preSolution
		HideSolutionNode = FALSE
	EndGlobalSection
	GlobalSection(ExtensibilityGlobals) = postSolution
		SolutionGuid = {4EB5A761-846C-4ABC-8B31-184FAFC4B529}
	EndGlobalSection
EndGlobal
