
Microsoft Visual Studio Solution File, Format Version 12.00
# Visual Studio Version 17
VisualStudioVersion = 17.8.34330.188
MinimumVisualStudioVersion = 10.0.40219.1
Project("{FAE04EC0-301F-11D3-BF4B-00C04F79EFBC}") = "aula estrutura para", "aula estrutura para\aula estrutura para.csproj", "{56767CBB-87CF-49A4-AF14-BD54B5D1422E}"
EndProject
Global
	GlobalSection(SolutionConfigurationPlatforms) = preSolution
		Debug|Any CPU = Debug|Any CPU
		Release|Any CPU = Release|Any CPU
	EndGlobalSection
	GlobalSection(ProjectConfigurationPlatforms) = postSolution
		{56767CBB-87CF-49A4-AF14-BD54B5D1422E}.Debug|Any CPU.ActiveCfg = Debug|Any CPU
		{56767CBB-87CF-49A4-AF14-BD54B5D1422E}.Debug|Any CPU.Build.0 = Debug|Any CPU
		{56767CBB-87CF-49A4-AF14-BD54B5D1422E}.Release|Any CPU.ActiveCfg = Release|Any CPU
		{56767CBB-87CF-49A4-AF14-BD54B5D1422E}.Release|Any CPU.Build.0 = Release|Any CPU
	EndGlobalSection
	GlobalSection(SolutionProperties) = preSolution
		HideSolutionNode = FALSE
	EndGlobalSection
	GlobalSection(ExtensibilityGlobals) = postSolution
		SolutionGuid = {38DF6A75-26F9-4FEF-B3D2-DA9342E4205C}
	EndGlobalSection
EndGlobal
