
Microsoft Visual Studio Solution File, Format Version 12.00
# Visual Studio Version 17
VisualStudioVersion = 17.8.34330.188
MinimumVisualStudioVersion = 10.0.40219.1
Project("{FAE04EC0-301F-11D3-BF4B-00C04F79EFBC}") = "oop3", "oop3\oop3.csproj", "{8A72CA89-CF8A-4D0B-8707-A7E24478ED31}"
EndProject
Global
	GlobalSection(SolutionConfigurationPlatforms) = preSolution
		Debug|Any CPU = Debug|Any CPU
		Release|Any CPU = Release|Any CPU
	EndGlobalSection
	GlobalSection(ProjectConfigurationPlatforms) = postSolution
		{8A72CA89-CF8A-4D0B-8707-A7E24478ED31}.Debug|Any CPU.ActiveCfg = Debug|Any CPU
		{8A72CA89-CF8A-4D0B-8707-A7E24478ED31}.Debug|Any CPU.Build.0 = Debug|Any CPU
		{8A72CA89-CF8A-4D0B-8707-A7E24478ED31}.Release|Any CPU.ActiveCfg = Release|Any CPU
		{8A72CA89-CF8A-4D0B-8707-A7E24478ED31}.Release|Any CPU.Build.0 = Release|Any CPU
	EndGlobalSection
	GlobalSection(SolutionProperties) = preSolution
		HideSolutionNode = FALSE
	EndGlobalSection
	GlobalSection(ExtensibilityGlobals) = postSolution
		SolutionGuid = {3CA65E9A-7D04-470D-B91B-53E4064C3F7C}
	EndGlobalSection
EndGlobal
