
Microsoft Visual Studio Solution File, Format Version 12.00
# Visual Studio Version 17
VisualStudioVersion = 17.9.34607.119
MinimumVisualStudioVersion = 10.0.40219.1
Project("{FAE04EC0-301F-11D3-BF4B-00C04F79EFBC}") = "ExDaLista", "ExDaLista\ExDaLista.csproj", "{AEC5EA89-ECD9-46FC-974E-CB6850A90A42}"
EndProject
Global
	GlobalSection(SolutionConfigurationPlatforms) = preSolution
		Debug|Any CPU = Debug|Any CPU
		Release|Any CPU = Release|Any CPU
	EndGlobalSection
	GlobalSection(ProjectConfigurationPlatforms) = postSolution
		{AEC5EA89-ECD9-46FC-974E-CB6850A90A42}.Debug|Any CPU.ActiveCfg = Debug|Any CPU
		{AEC5EA89-ECD9-46FC-974E-CB6850A90A42}.Debug|Any CPU.Build.0 = Debug|Any CPU
		{AEC5EA89-ECD9-46FC-974E-CB6850A90A42}.Release|Any CPU.ActiveCfg = Release|Any CPU
		{AEC5EA89-ECD9-46FC-974E-CB6850A90A42}.Release|Any CPU.Build.0 = Release|Any CPU
	EndGlobalSection
	GlobalSection(SolutionProperties) = preSolution
		HideSolutionNode = FALSE
	EndGlobalSection
	GlobalSection(ExtensibilityGlobals) = postSolution
		SolutionGuid = {637C1085-AFE3-4095-9B3F-06CF685A181B}
	EndGlobalSection
EndGlobal
