
Microsoft Visual Studio Solution File, Format Version 12.00
# Visual Studio Version 17
VisualStudioVersion = 17.8.34330.188
MinimumVisualStudioVersion = 10.0.40219.1
Project("{FAE04EC0-301F-11D3-BF4B-00C04F79EFBC}") = "projeto2", "projeto2\projeto2.csproj", "{CC73F114-7B10-4729-B40F-036BE2BAC735}"
EndProject
Global
	GlobalSection(SolutionConfigurationPlatforms) = preSolution
		Debug|Any CPU = Debug|Any CPU
		Release|Any CPU = Release|Any CPU
	EndGlobalSection
	GlobalSection(ProjectConfigurationPlatforms) = postSolution
		{CC73F114-7B10-4729-B40F-036BE2BAC735}.Debug|Any CPU.ActiveCfg = Debug|Any CPU
		{CC73F114-7B10-4729-B40F-036BE2BAC735}.Debug|Any CPU.Build.0 = Debug|Any CPU
		{CC73F114-7B10-4729-B40F-036BE2BAC735}.Release|Any CPU.ActiveCfg = Release|Any CPU
		{CC73F114-7B10-4729-B40F-036BE2BAC735}.Release|Any CPU.Build.0 = Release|Any CPU
	EndGlobalSection
	GlobalSection(SolutionProperties) = preSolution
		HideSolutionNode = FALSE
	EndGlobalSection
	GlobalSection(ExtensibilityGlobals) = postSolution
		SolutionGuid = {31CD0842-099F-4F3E-8353-7E07E7169176}
	EndGlobalSection
EndGlobal
